
Microsoft Visual Studio Solution File, Format Version 12.00
# Visual Studio Version 16
VisualStudioVersion = 16.0.29911.84
MinimumVisualStudioVersion = 10.0.40219.1
Project("{FAE04EC0-301F-11D3-BF4B-00C04F79EFBC}") = "SfGridSplitter-ThreePanels", "SfGridSplitter-ThreePanels.csproj", "{BEB9C349-89FB-4CC0-9B41-953EAD8C7545}"
EndProject
Global
	GlobalSection(SolutionConfigurationPlatforms) = preSolution
		Debug|Any CPU = Debug|Any CPU
		Release|Any CPU = Release|Any CPU
	EndGlobalSection
	GlobalSection(ProjectConfigurationPlatforms) = postSolution
		{BEB9C349-89FB-4CC0-9B41-953EAD8C7545}.Debug|Any CPU.ActiveCfg = Debug|Any CPU
		{BEB9C349-89FB-4CC0-9B41-953EAD8C7545}.Debug|Any CPU.Build.0 = Debug|Any CPU
		{BEB9C349-89FB-4CC0-9B41-953EAD8C7545}.Release|Any CPU.ActiveCfg = Release|Any CPU
		{BEB9C349-89FB-4CC0-9B41-953EAD8C7545}.Release|Any CPU.Build.0 = Release|Any CPU
	EndGlobalSection
	GlobalSection(SolutionProperties) = preSolution
		HideSolutionNode = FALSE
	EndGlobalSection
	GlobalSection(ExtensibilityGlobals) = postSolution
		SolutionGuid = {AF98F6FE-73B8-4732-82D1-D244E87E54DA}
	EndGlobalSection
EndGlobal
